<?xml version="1.0" encoding="utf-8"?>
<Project ToolsVersion="4.0" xmlns="http://schemas.microsoft.com/developer/msbuild/2003">
  <ItemGroup>
    <Filter Include="Sources">
      <UniqueIdentifier>{600e8627-2f8a-417d-be31-56951ea26bf0}</UniqueIdentifier>
    </Filter>
    <Filter Include="Examples">
      <UniqueIdentifier>{7af65868-a565-4b54-8a99-fa858921eb0d}</UniqueIdentifier>
    </Filter>
  </ItemGroup>
  <ItemGroup>
    <ClCompile Include="..\..\Sources\Example.cpp">
      <Filter>Sources</Filter>
    </ClCompile>
    <ClCompile Include="..\..\Sources\App.cpp">
      <Filter>Sources</Filter>
    </ClCompile>
    <ClCompile Include="..\..\Sources\main.cpp">
      <Filter>Examples</Filter>
    </ClCompile>
    <ClCompile Include="..\..\Sources\BasicExample.cpp">
      <Filter>Examples</Filter>
    </ClCompile>
  </ItemGroup>
  <ItemGroup>
    <ClInclude Include="..\..\Sources\BasicInc.h">
      <Filter>Sources</Filter>
    </ClInclude>
    <ClInclude Include="..\..\Sources\Example.h">
      <Filter>Sources</Filter>
    </ClInclude>
    <ClInclude Include="..\..\Sources\App.h">
      <Filter>Sources</Filter>
    </ClInclude>
    <ClInclude Include="..\..\Sources\BasicExample.h">
      <Filter>Examples</Filter>
    </ClInclude>
  </ItemGroup>
</Project>